github.com/coreos/etcd v2.3.8+incompatible h1:Lkp5dgqMANTjq0UW74OP1H8yCDQT0In4jrw6xfcNlGE=
github.com/coreos/etcd v2.3.8+incompatible/go.mod h1:uF7uidLiAD3TWHmW31ZFd/JWoc32PjwdhPthX9715RE=
github.com/google/uuid v1.3.0 h1:t6JiXgmwXMjEs8VusXIJk2BXHsn+wx8BZdTaoZ5fu7I=
github.com/google/uuid v1.3.0/go.mod h1:TIyPZe4MgqvfeYDBFedMoGGpEw/LqOeaOT+nhxU+yHo=
github.com/vmware/govmomi v0.29.0 h1:SHJQ7DUc4fltFZv16znJNGHR1/XhiDK5iKxm2OqwkuU=
github.com/vmware/govmomi v0.29.0/go.mod h1:F7adsVewLNHsW/IIm7ziFURaXDaHEwcc+ym4r3INMdY=
go.etcd.io/etcd v2.3.8+incompatible h1:m5lZwb9yKkh27IFgPQWTdiaG/9waG7AWy0NSHedy3Mk=
go.etcd.io/etcd v2.3.8+incompatible/go.mod h1:yaeTdrJi5lOmYerz05bd8+V7KubZs8YSFZfzsF9A6aI=